
Microsoft Visual Studio Solution File, Format Version 12.00
# Visual Studio 15
VisualStudioVersion = 15.0.27703.2035
MinimumVisualStudioVersion = 10.0.40219.1
Project("{FAE04EC0-301F-11D3-BF4B-00C04F79EFBC}") = "MSTPackagingHub", "MSTPackagingHub\MSTPackagingHub.csproj", "{FEE4A4EF-2641-4070-8164-E7EE6C1084A3}"
EndProject
Global
	GlobalSection(SolutionConfigurationPlatforms) = preSolution
		Debug|Any CPU = Debug|Any CPU
		Release|Any CPU = Release|Any CPU
	EndGlobalSection
	GlobalSection(ProjectConfigurationPlatforms) = postSolution
		{FEE4A4EF-2641-4070-8164-E7EE6C1084A3}.Debug|Any CPU.ActiveCfg = Debug|Any CPU
		{FEE4A4EF-2641-4070-8164-E7EE6C1084A3}.Debug|Any CPU.Build.0 = Debug|Any CPU
		{FEE4A4EF-2641-4070-8164-E7EE6C1084A3}.Release|Any CPU.ActiveCfg = Release|Any CPU
		{FEE4A4EF-2641-4070-8164-E7EE6C1084A3}.Release|Any CPU.Build.0 = Release|Any CPU
	EndGlobalSection
	GlobalSection(SolutionProperties) = preSolution
		HideSolutionNode = FALSE
	EndGlobalSection
	GlobalSection(ExtensibilityGlobals) = postSolution
		SolutionGuid = {FE6C402D-9729-4795-84EC-12F86ED86A82}
	EndGlobalSection
EndGlobal
